
Microsoft Visual Studio Solution File, Format Version 12.00
# Visual Studio 14
VisualStudioVersion = 14.0.25420.1
MinimumVisualStudioVersion = 10.0.40219.1
Project("{FAE04EC0-301F-11D3-BF4B-00C04F79EFBC}") = "Fravaer-WebApp-Client", "Fravaer-WebApp-Client\Fravaer-WebApp-Client.csproj", "{D0CDC1E9-871B-4B4E-AB0B-C1839ECAA21E}"
EndProject
Project("{FAE04EC0-301F-11D3-BF4B-00C04F79EFBC}") = "ServiceGateways", "ServiceGateways\ServiceGateways.csproj", "{E9679166-D33B-4089-9FBD-B5D56F998E59}"
EndProject
Project("{FAE04EC0-301F-11D3-BF4B-00C04F79EFBC}") = "BusinessLogic", "BusinessLogic\BusinessLogic.csproj", "{4821A14D-4850-442D-A24B-FBA55F11B2D1}"
EndProject
Global
	GlobalSection(SolutionConfigurationPlatforms) = preSolution
		Debug|Any CPU = Debug|Any CPU
		Release|Any CPU = Release|Any CPU
	EndGlobalSection
	GlobalSection(ProjectConfigurationPlatforms) = postSolution
		{D0CDC1E9-871B-4B4E-AB0B-C1839ECAA21E}.Debug|Any CPU.ActiveCfg = Debug|Any CPU
		{D0CDC1E9-871B-4B4E-AB0B-C1839ECAA21E}.Debug|Any CPU.Build.0 = Debug|Any CPU
		{D0CDC1E9-871B-4B4E-AB0B-C1839ECAA21E}.Release|Any CPU.ActiveCfg = Release|Any CPU
		{D0CDC1E9-871B-4B4E-AB0B-C1839ECAA21E}.Release|Any CPU.Build.0 = Release|Any CPU
		{E9679166-D33B-4089-9FBD-B5D56F998E59}.Debug|Any CPU.ActiveCfg = Debug|Any CPU
		{E9679166-D33B-4089-9FBD-B5D56F998E59}.Debug|Any CPU.Build.0 = Debug|Any CPU
		{E9679166-D33B-4089-9FBD-B5D56F998E59}.Release|Any CPU.ActiveCfg = Release|Any CPU
		{E9679166-D33B-4089-9FBD-B5D56F998E59}.Release|Any CPU.Build.0 = Release|Any CPU
		{4821A14D-4850-442D-A24B-FBA55F11B2D1}.Debug|Any CPU.ActiveCfg = Debug|Any CPU
		{4821A14D-4850-442D-A24B-FBA55F11B2D1}.Debug|Any CPU.Build.0 = Debug|Any CPU
		{4821A14D-4850-442D-A24B-FBA55F11B2D1}.Release|Any CPU.ActiveCfg = Release|Any CPU
		{4821A14D-4850-442D-A24B-FBA55F11B2D1}.Release|Any CPU.Build.0 = Release|Any CPU
	EndGlobalSection
	GlobalSection(SolutionProperties) = preSolution
		HideSolutionNode = FALSE
	EndGlobalSection
EndGlobal
